
Microsoft Visual Studio Solution File, Format Version 12.00
# Visual Studio Version 17
VisualStudioVersion = 17.5.33627.172
MinimumVisualStudioVersion = 10.0.40219.1
Project("{9A19103F-16F7-4668-BE54-9A1E7A4F7556}") = "AlgoProblems", "CodeWars\AlgoProblems.csproj", "{B0B0EB86-F51C-4D06-8A0A-29DAB0460582}"
EndProject
Global
	GlobalSection(SolutionConfigurationPlatforms) = preSolution
		Debug|Any CPU = Debug|Any CPU
		Release|Any CPU = Release|Any CPU
	EndGlobalSection
	GlobalSection(ProjectConfigurationPlatforms) = postSolution
		{B0B0EB86-F51C-4D06-8A0A-29DAB0460582}.Debug|Any CPU.ActiveCfg = Debug|Any CPU
		{B0B0EB86-F51C-4D06-8A0A-29DAB0460582}.Debug|Any CPU.Build.0 = Debug|Any CPU
		{B0B0EB86-F51C-4D06-8A0A-29DAB0460582}.Release|Any CPU.ActiveCfg = Release|Any CPU
		{B0B0EB86-F51C-4D06-8A0A-29DAB0460582}.Release|Any CPU.Build.0 = Release|Any CPU
	EndGlobalSection
	GlobalSection(SolutionProperties) = preSolution
		HideSolutionNode = FALSE
	EndGlobalSection
	GlobalSection(ExtensibilityGlobals) = postSolution
		SolutionGuid = {0CD5DAA7-1DC8-419D-A0E0-FC2B28A1490A}
	EndGlobalSection
EndGlobal
